
Microsoft Visual Studio Solution File, Format Version 12.00
Project("{FAE04EC0-301F-11D3-BF4B-00C04F79EFBC}") = "Builder", "Builder\Builder.csproj", "{FFC27BE0-592D-4939-8E20-D3F566AE3FA9}"
EndProject
Global
	GlobalSection(SolutionConfigurationPlatforms) = preSolution
		Debug|Any CPU = Debug|Any CPU
		Release|Any CPU = Release|Any CPU
	EndGlobalSection
	GlobalSection(ProjectConfigurationPlatforms) = postSolution
		{FFC27BE0-592D-4939-8E20-D3F566AE3FA9}.Debug|Any CPU.ActiveCfg = Debug|Any CPU
		{FFC27BE0-592D-4939-8E20-D3F566AE3FA9}.Debug|Any CPU.Build.0 = Debug|Any CPU
		{FFC27BE0-592D-4939-8E20-D3F566AE3FA9}.Release|Any CPU.ActiveCfg = Release|Any CPU
		{FFC27BE0-592D-4939-8E20-D3F566AE3FA9}.Release|Any CPU.Build.0 = Release|Any CPU
	EndGlobalSection
EndGlobal
